
Microsoft Visual Studio Solution File, Format Version 12.00
# Visual Studio Version 17
VisualStudioVersion = 17.5.33516.290
MinimumVisualStudioVersion = 10.0.40219.1
Project("{FAE04EC0-301F-11D3-BF4B-00C04F79EFBC}") = "baitapLab6.1", "VD6.1\baitapLab6.1.csproj", "{0AD9D2E0-8893-4BBC-8ED2-0490298ED74B}"
EndProject
Global
	GlobalSection(SolutionConfigurationPlatforms) = preSolution
		Debug|Any CPU = Debug|Any CPU
		Release|Any CPU = Release|Any CPU
	EndGlobalSection
	GlobalSection(ProjectConfigurationPlatforms) = postSolution
		{0AD9D2E0-8893-4BBC-8ED2-0490298ED74B}.Debug|Any CPU.ActiveCfg = Debug|Any CPU
		{0AD9D2E0-8893-4BBC-8ED2-0490298ED74B}.Debug|Any CPU.Build.0 = Debug|Any CPU
		{0AD9D2E0-8893-4BBC-8ED2-0490298ED74B}.Release|Any CPU.ActiveCfg = Release|Any CPU
		{0AD9D2E0-8893-4BBC-8ED2-0490298ED74B}.Release|Any CPU.Build.0 = Release|Any CPU
	EndGlobalSection
	GlobalSection(SolutionProperties) = preSolution
		HideSolutionNode = FALSE
	EndGlobalSection
	GlobalSection(ExtensibilityGlobals) = postSolution
		SolutionGuid = {837E4583-3EA7-4A16-9CF4-B320333966BB}
	EndGlobalSection
EndGlobal
